
Microsoft Visual Studio Solution File, Format Version 12.00
# Visual Studio 15
VisualStudioVersion = 15.0.26730.3
MinimumVisualStudioVersion = 10.0.40219.1
Project("{FAE04EC0-301F-11D3-BF4B-00C04F79EFBC}") = "ControleDeDespesas", "ControleDeDespesas\ControleDeDespesas.csproj", "{B006F5E3-85A3-4413-BEC5-437D8E3AB30D}"
EndProject
Project("{FAE04EC0-301F-11D3-BF4B-00C04F79EFBC}") = "ControleDeAcesso", "ControleDeAcesso\ControleDeAcesso.csproj", "{BB3A7D3A-82F0-4694-A841-CC87F2A5027F}"
EndProject
Global
	GlobalSection(SolutionConfigurationPlatforms) = preSolution
		Debug|Any CPU = Debug|Any CPU
		Release|Any CPU = Release|Any CPU
	EndGlobalSection
	GlobalSection(ProjectConfigurationPlatforms) = postSolution
		{B006F5E3-85A3-4413-BEC5-437D8E3AB30D}.Debug|Any CPU.ActiveCfg = Debug|Any CPU
		{B006F5E3-85A3-4413-BEC5-437D8E3AB30D}.Debug|Any CPU.Build.0 = Debug|Any CPU
		{B006F5E3-85A3-4413-BEC5-437D8E3AB30D}.Release|Any CPU.ActiveCfg = Release|Any CPU
		{B006F5E3-85A3-4413-BEC5-437D8E3AB30D}.Release|Any CPU.Build.0 = Release|Any CPU
		{BB3A7D3A-82F0-4694-A841-CC87F2A5027F}.Debug|Any CPU.ActiveCfg = Debug|Any CPU
		{BB3A7D3A-82F0-4694-A841-CC87F2A5027F}.Debug|Any CPU.Build.0 = Debug|Any CPU
		{BB3A7D3A-82F0-4694-A841-CC87F2A5027F}.Release|Any CPU.ActiveCfg = Release|Any CPU
		{BB3A7D3A-82F0-4694-A841-CC87F2A5027F}.Release|Any CPU.Build.0 = Release|Any CPU
	EndGlobalSection
	GlobalSection(SolutionProperties) = preSolution
		HideSolutionNode = FALSE
	EndGlobalSection
	GlobalSection(ExtensibilityGlobals) = postSolution
		SolutionGuid = {4F1395F5-B8C6-4C39-A0AD-5FA00D9A2C69}
	EndGlobalSection
EndGlobal
