
Microsoft Visual Studio Solution File, Format Version 12.00
# Visual Studio 14
VisualStudioVersion = 14.0.25420.1
MinimumVisualStudioVersion = 10.0.40219.1
Project("{FAE04EC0-301F-11D3-BF4B-00C04F79EFBC}") = "ControleDeDespesas", "ControleDeDespesas\ControleDeDespesas.csproj", "{B006F5E3-85A3-4413-BEC5-437D8E3AB30D}"
	ProjectSection(ProjectDependencies) = postProject
		{47F4B3A4-8882-4C22-BB6A-B5CD36DBC5F4} = {47F4B3A4-8882-4C22-BB6A-B5CD36DBC5F4}
		{028B30C8-6B19-49FB-808E-5CD1A42064DC} = {028B30C8-6B19-49FB-808E-5CD1A42064DC}
		{38309BFD-8925-4D5B-BF64-B0F6C5FF0D34} = {38309BFD-8925-4D5B-BF64-B0F6C5FF0D34}
	EndProjectSection
EndProject
Project("{FAE04EC0-301F-11D3-BF4B-00C04F79EFBC}") = "Modelos", "Modelos\Modelos.csproj", "{47F4B3A4-8882-4C22-BB6A-B5CD36DBC5F4}"
EndProject
Project("{FAE04EC0-301F-11D3-BF4B-00C04F79EFBC}") = "Persistencia", "Persistence\Persistencia.csproj", "{028B30C8-6B19-49FB-808E-5CD1A42064DC}"
EndProject
Project("{FAE04EC0-301F-11D3-BF4B-00C04F79EFBC}") = "Factorys", "Factorys\Factorys.csproj", "{38309BFD-8925-4D5B-BF64-B0F6C5FF0D34}"
	ProjectSection(ProjectDependencies) = postProject
		{47F4B3A4-8882-4C22-BB6A-B5CD36DBC5F4} = {47F4B3A4-8882-4C22-BB6A-B5CD36DBC5F4}
	EndProjectSection
EndProject
Project("{FAE04EC0-301F-11D3-BF4B-00C04F79EFBC}") = "BuildMenu", "BuildMenu\BuildMenu.csproj", "{DB1720E1-D0BC-45CB-9650-35A662058242}"
EndProject
Project("{2150E333-8FDC-42A3-9474-1A3956D46DE8}") = "Controle de Despesas", "Controle de Despesas", "{ADDB7158-5864-4B79-B2BB-E786B09F82DC}"
EndProject
Project("{FAE04EC0-301F-11D3-BF4B-00C04F79EFBC}") = "Interfaces", "Interfaces\Interfaces.csproj", "{1D303B97-7229-442B-AE4A-E3643BB24BBB}"
EndProject
Global
	GlobalSection(SolutionConfigurationPlatforms) = preSolution
		Debug|Any CPU = Debug|Any CPU
		Release|Any CPU = Release|Any CPU
	EndGlobalSection
	GlobalSection(ProjectConfigurationPlatforms) = postSolution
		{B006F5E3-85A3-4413-BEC5-437D8E3AB30D}.Debug|Any CPU.ActiveCfg = Debug|Any CPU
		{B006F5E3-85A3-4413-BEC5-437D8E3AB30D}.Debug|Any CPU.Build.0 = Debug|Any CPU
		{B006F5E3-85A3-4413-BEC5-437D8E3AB30D}.Release|Any CPU.ActiveCfg = Release|Any CPU
		{B006F5E3-85A3-4413-BEC5-437D8E3AB30D}.Release|Any CPU.Build.0 = Release|Any CPU
		{47F4B3A4-8882-4C22-BB6A-B5CD36DBC5F4}.Debug|Any CPU.ActiveCfg = Debug|Any CPU
		{47F4B3A4-8882-4C22-BB6A-B5CD36DBC5F4}.Debug|Any CPU.Build.0 = Debug|Any CPU
		{47F4B3A4-8882-4C22-BB6A-B5CD36DBC5F4}.Release|Any CPU.ActiveCfg = Release|Any CPU
		{47F4B3A4-8882-4C22-BB6A-B5CD36DBC5F4}.Release|Any CPU.Build.0 = Release|Any CPU
		{028B30C8-6B19-49FB-808E-5CD1A42064DC}.Debug|Any CPU.ActiveCfg = Debug|Any CPU
		{028B30C8-6B19-49FB-808E-5CD1A42064DC}.Debug|Any CPU.Build.0 = Debug|Any CPU
		{028B30C8-6B19-49FB-808E-5CD1A42064DC}.Release|Any CPU.ActiveCfg = Release|Any CPU
		{028B30C8-6B19-49FB-808E-5CD1A42064DC}.Release|Any CPU.Build.0 = Release|Any CPU
		{38309BFD-8925-4D5B-BF64-B0F6C5FF0D34}.Debug|Any CPU.ActiveCfg = Debug|Any CPU
		{38309BFD-8925-4D5B-BF64-B0F6C5FF0D34}.Debug|Any CPU.Build.0 = Debug|Any CPU
		{38309BFD-8925-4D5B-BF64-B0F6C5FF0D34}.Release|Any CPU.ActiveCfg = Release|Any CPU
		{38309BFD-8925-4D5B-BF64-B0F6C5FF0D34}.Release|Any CPU.Build.0 = Release|Any CPU
		{DB1720E1-D0BC-45CB-9650-35A662058242}.Debug|Any CPU.ActiveCfg = Debug|Any CPU
		{DB1720E1-D0BC-45CB-9650-35A662058242}.Debug|Any CPU.Build.0 = Debug|Any CPU
		{DB1720E1-D0BC-45CB-9650-35A662058242}.Release|Any CPU.ActiveCfg = Release|Any CPU
		{DB1720E1-D0BC-45CB-9650-35A662058242}.Release|Any CPU.Build.0 = Release|Any CPU
		{1D303B97-7229-442B-AE4A-E3643BB24BBB}.Debug|Any CPU.ActiveCfg = Debug|Any CPU
		{1D303B97-7229-442B-AE4A-E3643BB24BBB}.Debug|Any CPU.Build.0 = Debug|Any CPU
		{1D303B97-7229-442B-AE4A-E3643BB24BBB}.Release|Any CPU.ActiveCfg = Release|Any CPU
		{1D303B97-7229-442B-AE4A-E3643BB24BBB}.Release|Any CPU.Build.0 = Release|Any CPU
	EndGlobalSection
	GlobalSection(SolutionProperties) = preSolution
		HideSolutionNode = FALSE
	EndGlobalSection
	GlobalSection(NestedProjects) = preSolution
		{B006F5E3-85A3-4413-BEC5-437D8E3AB30D} = {ADDB7158-5864-4B79-B2BB-E786B09F82DC}
		{47F4B3A4-8882-4C22-BB6A-B5CD36DBC5F4} = {ADDB7158-5864-4B79-B2BB-E786B09F82DC}
		{028B30C8-6B19-49FB-808E-5CD1A42064DC} = {ADDB7158-5864-4B79-B2BB-E786B09F82DC}
		{38309BFD-8925-4D5B-BF64-B0F6C5FF0D34} = {ADDB7158-5864-4B79-B2BB-E786B09F82DC}
		{DB1720E1-D0BC-45CB-9650-35A662058242} = {ADDB7158-5864-4B79-B2BB-E786B09F82DC}
		{1D303B97-7229-442B-AE4A-E3643BB24BBB} = {ADDB7158-5864-4B79-B2BB-E786B09F82DC}
	EndGlobalSection
	GlobalSection(ExtensibilityGlobals) = postSolution
		SolutionGuid = {4F1395F5-B8C6-4C39-A0AD-5FA00D9A2C69}
	EndGlobalSection
EndGlobal
